
Microsoft Visual Studio Solution File, Format Version 12.00
# Visual Studio Version 16
VisualStudioVersion = 16.0.29020.237
MinimumVisualStudioVersion = 10.0.40219.1
Project("{FAE04EC0-301F-11D3-BF4B-00C04F79EFBC}") = "Resumo", "Resumo\Resumo.csproj", "{94CD1B38-6036-4E3C-8B5A-2665BE762163}"
EndProject
Global
	GlobalSection(SolutionConfigurationPlatforms) = preSolution
		Debug|Any CPU = Debug|Any CPU
		Release|Any CPU = Release|Any CPU
	EndGlobalSection
	GlobalSection(ProjectConfigurationPlatforms) = postSolution
		{94CD1B38-6036-4E3C-8B5A-2665BE762163}.Debug|Any CPU.ActiveCfg = Debug|Any CPU
		{94CD1B38-6036-4E3C-8B5A-2665BE762163}.Debug|Any CPU.Build.0 = Debug|Any CPU
		{94CD1B38-6036-4E3C-8B5A-2665BE762163}.Release|Any CPU.ActiveCfg = Release|Any CPU
		{94CD1B38-6036-4E3C-8B5A-2665BE762163}.Release|Any CPU.Build.0 = Release|Any CPU
	EndGlobalSection
	GlobalSection(SolutionProperties) = preSolution
		HideSolutionNode = FALSE
	EndGlobalSection
	GlobalSection(ExtensibilityGlobals) = postSolution
		SolutionGuid = {A29C9842-420F-441F-A267-1AAF194AE7EE}
	EndGlobalSection
EndGlobal
